
Microsoft Visual Studio Solution File, Format Version 12.00
# Visual Studio Version 17
VisualStudioVersion = 17.2.32602.215
MinimumVisualStudioVersion = 10.0.40219.1
Project("{2150E333-8FDC-42A3-9474-1A3956D46DE8}") = "GGTwitch.Bot", "GGTwitch.Bot", "{A1E93354-A630-4499-883E-DD0D302CFDFE}"
EndProject
Project("{2150E333-8FDC-42A3-9474-1A3956D46DE8}") = "GGTwitch.Core", "GGTwitch.Core", "{93A256A6-DF21-458D-825B-7E77C833EFB8}"
EndProject
Project("{2150E333-8FDC-42A3-9474-1A3956D46DE8}") = "GGTwitch.DAL", "GGTwitch.DAL", "{BE56AC86-7130-425F-87AA-388C3E536329}"
EndProject
Project("{9A19103F-16F7-4668-BE54-9A1E7A4F7556}") = "GGTwitch.Bot", "GGTwitch.Bot\GGTwitch.Bot.csproj", "{05128706-8F04-4A17-95DF-E445E7F27DBB}"
EndProject
Project("{9A19103F-16F7-4668-BE54-9A1E7A4F7556}") = "GGTwitch.Core", "GGTwitch.Core\GGTwitch.Core.csproj", "{886E5616-0A17-4327-8619-E929EBAD3144}"
EndProject
Project("{9A19103F-16F7-4668-BE54-9A1E7A4F7556}") = "GGTwitch.DAL", "GGTwitch.DAL\GGTwitch.DAL.csproj", "{8E0133E8-C8B3-471A-9547-2C9FF90B3075}"
EndProject
Project("{9A19103F-16F7-4668-BE54-9A1E7A4F7556}") = "GGTwitch.DAL.Migrations", "GGTwitch.DAL.Migrations\GGTwitch.DAL.Migrations.csproj", "{6B27199F-9451-4DE4-91A4-900AB24BD747}"
EndProject
Global
	GlobalSection(SolutionConfigurationPlatforms) = preSolution
		Debug|Any CPU = Debug|Any CPU
		Live_Build|Any CPU = Live_Build|Any CPU
		Release|Any CPU = Release|Any CPU
	EndGlobalSection
	GlobalSection(ProjectConfigurationPlatforms) = postSolution
		{05128706-8F04-4A17-95DF-E445E7F27DBB}.Debug|Any CPU.ActiveCfg = Debug|Any CPU
		{05128706-8F04-4A17-95DF-E445E7F27DBB}.Debug|Any CPU.Build.0 = Debug|Any CPU
		{05128706-8F04-4A17-95DF-E445E7F27DBB}.Live_Build|Any CPU.ActiveCfg = Live_Build|Any CPU
		{05128706-8F04-4A17-95DF-E445E7F27DBB}.Live_Build|Any CPU.Build.0 = Live_Build|Any CPU
		{05128706-8F04-4A17-95DF-E445E7F27DBB}.Release|Any CPU.ActiveCfg = Release|Any CPU
		{05128706-8F04-4A17-95DF-E445E7F27DBB}.Release|Any CPU.Build.0 = Release|Any CPU
		{886E5616-0A17-4327-8619-E929EBAD3144}.Debug|Any CPU.ActiveCfg = Debug|Any CPU
		{886E5616-0A17-4327-8619-E929EBAD3144}.Debug|Any CPU.Build.0 = Debug|Any CPU
		{886E5616-0A17-4327-8619-E929EBAD3144}.Live_Build|Any CPU.ActiveCfg = Live_Build|Any CPU
		{886E5616-0A17-4327-8619-E929EBAD3144}.Live_Build|Any CPU.Build.0 = Live_Build|Any CPU
		{886E5616-0A17-4327-8619-E929EBAD3144}.Release|Any CPU.ActiveCfg = Release|Any CPU
		{886E5616-0A17-4327-8619-E929EBAD3144}.Release|Any CPU.Build.0 = Release|Any CPU
		{8E0133E8-C8B3-471A-9547-2C9FF90B3075}.Debug|Any CPU.ActiveCfg = Debug|Any CPU
		{8E0133E8-C8B3-471A-9547-2C9FF90B3075}.Debug|Any CPU.Build.0 = Debug|Any CPU
		{8E0133E8-C8B3-471A-9547-2C9FF90B3075}.Live_Build|Any CPU.ActiveCfg = Live_Build|Any CPU
		{8E0133E8-C8B3-471A-9547-2C9FF90B3075}.Live_Build|Any CPU.Build.0 = Live_Build|Any CPU
		{8E0133E8-C8B3-471A-9547-2C9FF90B3075}.Release|Any CPU.ActiveCfg = Release|Any CPU
		{8E0133E8-C8B3-471A-9547-2C9FF90B3075}.Release|Any CPU.Build.0 = Release|Any CPU
		{6B27199F-9451-4DE4-91A4-900AB24BD747}.Debug|Any CPU.ActiveCfg = Debug|Any CPU
		{6B27199F-9451-4DE4-91A4-900AB24BD747}.Debug|Any CPU.Build.0 = Debug|Any CPU
		{6B27199F-9451-4DE4-91A4-900AB24BD747}.Live_Build|Any CPU.ActiveCfg = Live_Build|Any CPU
		{6B27199F-9451-4DE4-91A4-900AB24BD747}.Live_Build|Any CPU.Build.0 = Live_Build|Any CPU
		{6B27199F-9451-4DE4-91A4-900AB24BD747}.Release|Any CPU.ActiveCfg = Release|Any CPU
		{6B27199F-9451-4DE4-91A4-900AB24BD747}.Release|Any CPU.Build.0 = Release|Any CPU
	EndGlobalSection
	GlobalSection(SolutionProperties) = preSolution
		HideSolutionNode = FALSE
	EndGlobalSection
	GlobalSection(NestedProjects) = preSolution
		{05128706-8F04-4A17-95DF-E445E7F27DBB} = {A1E93354-A630-4499-883E-DD0D302CFDFE}
		{886E5616-0A17-4327-8619-E929EBAD3144} = {93A256A6-DF21-458D-825B-7E77C833EFB8}
		{8E0133E8-C8B3-471A-9547-2C9FF90B3075} = {BE56AC86-7130-425F-87AA-388C3E536329}
		{6B27199F-9451-4DE4-91A4-900AB24BD747} = {BE56AC86-7130-425F-87AA-388C3E536329}
	EndGlobalSection
	GlobalSection(ExtensibilityGlobals) = postSolution
		SolutionGuid = {02A78D3E-958F-4290-BA91-B92989E1A4BC}
	EndGlobalSection
EndGlobal
