
Microsoft Visual Studio Solution File, Format Version 12.00
# Visual Studio Version 17
VisualStudioVersion = 17.2.32602.215
MinimumVisualStudioVersion = 10.0.40219.1
Project("{2150E333-8FDC-42A3-9474-1A3956D46DE8}") = "GGTwitchBot.Bot", "GGTwitchBot.Bot", "{A1E93354-A630-4499-883E-DD0D302CFDFE}"
EndProject
Project("{FAE04EC0-301F-11D3-BF4B-00C04F79EFBC}") = "GGTwitchBot.Bot", "GGTwitchBot.Bot\GGTwitchBot.Bot.csproj", "{8619F0C1-9213-4FC8-B083-B473731D0CF3}"
EndProject
Project("{2150E333-8FDC-42A3-9474-1A3956D46DE8}") = "GGTwitchBot.Core", "GGTwitchBot.Core", "{93A256A6-DF21-458D-825B-7E77C833EFB8}"
EndProject
Project("{2150E333-8FDC-42A3-9474-1A3956D46DE8}") = "GGTwitchBot.DAL", "GGTwitchBot.DAL", "{BE56AC86-7130-425F-87AA-388C3E536329}"
EndProject
Project("{FAE04EC0-301F-11D3-BF4B-00C04F79EFBC}") = "GGTwitchBot.DAL", "GGTwitchBot.DAL\GGTwitchBot.DAL.csproj", "{6D770796-4D4F-4773-8466-1B7CC9D3E200}"
EndProject
Project("{FAE04EC0-301F-11D3-BF4B-00C04F79EFBC}") = "GGTwitchBot.DAL.Migrations", "GGTwitchBot.DAL.Migrations\GGTwitchBot.DAL.Migrations.csproj", "{4092685C-46AF-487C-B599-971A4BAE0356}"
EndProject
Project("{FAE04EC0-301F-11D3-BF4B-00C04F79EFBC}") = "GGTwitchBot.Core", "GGTwitchBot.Core\GGTwitchBot.Core.csproj", "{9EB2F5E4-23C9-4CF9-B7A9-23F3F73C8AA6}"
EndProject
Global
	GlobalSection(SolutionConfigurationPlatforms) = preSolution
		Debug|Any CPU = Debug|Any CPU
		Release|Any CPU = Release|Any CPU
	EndGlobalSection
	GlobalSection(ProjectConfigurationPlatforms) = postSolution
		{8619F0C1-9213-4FC8-B083-B473731D0CF3}.Debug|Any CPU.ActiveCfg = Debug|Any CPU
		{8619F0C1-9213-4FC8-B083-B473731D0CF3}.Debug|Any CPU.Build.0 = Debug|Any CPU
		{8619F0C1-9213-4FC8-B083-B473731D0CF3}.Release|Any CPU.ActiveCfg = Release|Any CPU
		{8619F0C1-9213-4FC8-B083-B473731D0CF3}.Release|Any CPU.Build.0 = Release|Any CPU
		{6D770796-4D4F-4773-8466-1B7CC9D3E200}.Debug|Any CPU.ActiveCfg = Debug|Any CPU
		{6D770796-4D4F-4773-8466-1B7CC9D3E200}.Debug|Any CPU.Build.0 = Debug|Any CPU
		{6D770796-4D4F-4773-8466-1B7CC9D3E200}.Release|Any CPU.ActiveCfg = Release|Any CPU
		{6D770796-4D4F-4773-8466-1B7CC9D3E200}.Release|Any CPU.Build.0 = Release|Any CPU
		{4092685C-46AF-487C-B599-971A4BAE0356}.Debug|Any CPU.ActiveCfg = Debug|Any CPU
		{4092685C-46AF-487C-B599-971A4BAE0356}.Debug|Any CPU.Build.0 = Debug|Any CPU
		{4092685C-46AF-487C-B599-971A4BAE0356}.Release|Any CPU.ActiveCfg = Release|Any CPU
		{4092685C-46AF-487C-B599-971A4BAE0356}.Release|Any CPU.Build.0 = Release|Any CPU
		{9EB2F5E4-23C9-4CF9-B7A9-23F3F73C8AA6}.Debug|Any CPU.ActiveCfg = Debug|Any CPU
		{9EB2F5E4-23C9-4CF9-B7A9-23F3F73C8AA6}.Debug|Any CPU.Build.0 = Debug|Any CPU
		{9EB2F5E4-23C9-4CF9-B7A9-23F3F73C8AA6}.Release|Any CPU.ActiveCfg = Release|Any CPU
		{9EB2F5E4-23C9-4CF9-B7A9-23F3F73C8AA6}.Release|Any CPU.Build.0 = Release|Any CPU
	EndGlobalSection
	GlobalSection(SolutionProperties) = preSolution
		HideSolutionNode = FALSE
	EndGlobalSection
	GlobalSection(NestedProjects) = preSolution
		{8619F0C1-9213-4FC8-B083-B473731D0CF3} = {A1E93354-A630-4499-883E-DD0D302CFDFE}
		{6D770796-4D4F-4773-8466-1B7CC9D3E200} = {BE56AC86-7130-425F-87AA-388C3E536329}
		{4092685C-46AF-487C-B599-971A4BAE0356} = {BE56AC86-7130-425F-87AA-388C3E536329}
		{9EB2F5E4-23C9-4CF9-B7A9-23F3F73C8AA6} = {93A256A6-DF21-458D-825B-7E77C833EFB8}
	EndGlobalSection
	GlobalSection(ExtensibilityGlobals) = postSolution
		SolutionGuid = {02A78D3E-958F-4290-BA91-B92989E1A4BC}
	EndGlobalSection
EndGlobal
